<?xml version="1.0" encoding="utf-8"?>
<Project ToolsVersion="4.0" xmlns="http://schemas.microsoft.com/developer/msbuild/2003">
  <ItemGroup>
    <Filter Include="Source Files">
      <UniqueIdentifier>{4FC737F1-C7A5-4376-A066-2A32D752A2FF}</UniqueIdentifier>
      <Extensions>cpp;c;cc;cxx;c++;cppm;ixx;def;odl;idl;hpj;bat;asm;asmx</Extensions>
    </Filter>
    <Filter Include="Header Files">
      <UniqueIdentifier>{93995380-89BD-4b04-88EB-625FBE52EBFB}</UniqueIdentifier>
      <Extensions>h;hh;hpp;hxx;h++;hm;inl;inc;ipp;xsd</Extensions>
    </Filter>
    <Filter Include="Resource Files">
      <UniqueIdentifier>{67DA6AB6-F800-4c08-8B7A-83BB121AAD01}</UniqueIdentifier>
      <Extensions>rc;ico;cur;bmp;dlg;rc2;rct;bin;rgs;gif;jpg;jpeg;jpe;resx;tiff;tif;png;wav;mfcribbon-ms</Extensions>
    </Filter>
    <Filter Include="Source Files\Stubs">
      <UniqueIdentifier>{fc6dbee5-a898-46f9-a1cb-c7adf47a6ca1}</UniqueIdentifier>
    </Filter>
    <Filter Include="Source Files\App">
      <UniqueIdentifier>{8088653a-6a90-4d34-abfa-bddfa0e2e6e5}</UniqueIdentifier>
    </Filter>
    <Filter Include="Header Files\App">
      <UniqueIdentifier>{317ce695-6444-4f34-a53d-e0615c618e95}</UniqueIdentifier>
    </Filter>
    <Filter Include="Header Files\Stubs">
      <UniqueIdentifier>{79093e13-a737-4945-a704-29d17efda457}</UniqueIdentifier>
    </Filter>
    <Filter Include="Source Files\Common">
      <UniqueIdentifier>{3845a04e-2254-4aa0-8373-90a9f9decb47}</UniqueIdentifier>
    </Filter>
    <Filter Include="Header Files\Common">
      <UniqueIdentifier>{af1aa4ab-f5e4-4584-bd87-948757bdb6aa}</UniqueIdentifier>
    </Filter>
  </ItemGroup>
  <ItemGroup>
    <ClCompile Include="Buzzer.cpp">
      <Filter>Source Files\App</Filter>
    </ClCompile>
    <ClCompile Include="RelayBox.cpp">
      <Filter>Source Files\App</Filter>
    </ClCompile>
    <ClCompile Include="ArduinoStub.cpp">
      <Filter>Source Files\Stubs</Filter>
    </ClCompile>
    <ClCompile Include="MathUtils.cpp">
      <Filter>Source Files\Common</Filter>
    </ClCompile>
    <ClCompile Include="SerialStub.cpp">
      <Filter>Source Files\Stubs</Filter>
    </ClCompile>
    <ClCompile Include="NtpServerTime.cpp">
      <Filter>Source Files\App</Filter>
    </ClCompile>
    <ClCompile Include="WiFiStub.cpp">
      <Filter>Source Files\Stubs</Filter>
    </ClCompile>
    <ClCompile Include="PirMotionSensor.cpp">
      <Filter>Source Files\App</Filter>
    </ClCompile>
    <ClCompile Include="DallasTemperatureStub.cpp">
      <Filter>Source Files\Stubs</Filter>
    </ClCompile>
    <ClCompile Include="OneWireStub.cpp">
      <Filter>Source Files\Stubs</Filter>
    </ClCompile>
    <ClCompile Include="WebServerStub.cpp">
      <Filter>Source Files\Stubs</Filter>
    </ClCompile>
    <ClCompile Include="WinApp.cpp">
      <Filter>Source Files\Stubs</Filter>
    </ClCompile>
    <ClCompile Include="WifiConnection.cpp">
      <Filter>Source Files\App</Filter>
    </ClCompile>
    <ClCompile Include="RelayBoxServer.cpp">
      <Filter>Source Files\App</Filter>
    </ClCompile>
    <ClCompile Include="HtmlComposer.cpp">
      <Filter>Source Files\App</Filter>
    </ClCompile>
    <ClCompile Include="FourChannelRelayModule.cpp">
      <Filter>Source Files\App</Filter>
    </ClCompile>
    <ClCompile Include="AssertUtils.cpp">
      <Filter>Source Files\Common</Filter>
    </ClCompile>
    <ClCompile Include="Ldr.cpp">
      <Filter>Source Files\App</Filter>
    </ClCompile>
  </ItemGroup>
  <ItemGroup>
    <ClInclude Include="Buzzer.h">
      <Filter>Header Files\App</Filter>
    </ClInclude>
    <ClInclude Include="NtpServerTime.h">
      <Filter>Header Files\App</Filter>
    </ClInclude>
    <ClInclude Include="ClassNames.h">
      <Filter>Header Files\Stubs</Filter>
    </ClInclude>
    <ClInclude Include="ArduinoStub.h">
      <Filter>Header Files\Stubs</Filter>
    </ClInclude>
    <ClInclude Include="MathUtils.h">
      <Filter>Header Files\Common</Filter>
    </ClInclude>
    <ClInclude Include="SerialStub.h">
      <Filter>Header Files\Stubs</Filter>
    </ClInclude>
    <ClInclude Include="WiFiStub.h">
      <Filter>Header Files\Stubs</Filter>
    </ClInclude>
    <ClInclude Include="PirMotionSensor.h">
      <Filter>Header Files\App</Filter>
    </ClInclude>
    <ClInclude Include="RelayBox.h">
      <Filter>Header Files\App</Filter>
    </ClInclude>
    <ClInclude Include="DallasTemperatureStub.h">
      <Filter>Header Files\Stubs</Filter>
    </ClInclude>
    <ClInclude Include="OneWireStub.h">
      <Filter>Header Files\Stubs</Filter>
    </ClInclude>
    <ClInclude Include="WebServerStub.h">
      <Filter>Header Files\Stubs</Filter>
    </ClInclude>
    <ClInclude Include="WifiConnection.h">
      <Filter>Header Files\App</Filter>
    </ClInclude>
    <ClInclude Include="RelayBoxServer.h">
      <Filter>Header Files\App</Filter>
    </ClInclude>
    <ClInclude Include="HtmlComposer.h">
      <Filter>Header Files\App</Filter>
    </ClInclude>
    <ClInclude Include="FourChannelRelayModule.h">
      <Filter>Header Files\App</Filter>
    </ClInclude>
    <ClInclude Include="AssertUtils.h">
      <Filter>Header Files\Common</Filter>
    </ClInclude>
    <ClInclude Include="Ldr.h">
      <Filter>Header Files\App</Filter>
    </ClInclude>
  </ItemGroup>
  <ItemGroup>
    <None Include="RelayBox.ino">
      <Filter>Source Files</Filter>
    </None>
  </ItemGroup>
</Project>